
Microsoft Visual Studio Solution File, Format Version 12.00
# Visual Studio Version 16
VisualStudioVersion = 16.0.29318.209
MinimumVisualStudioVersion = 10.0.40219.1
Project("{9A19103F-16F7-4668-BE54-9A1E7A4F7556}") = "Core3Study", "Core3Study\Core3Study.csproj", "{F10ABB8E-5A1A-44B6-8BF3-C9619BA95C03}"
EndProject
Project("{9A19103F-16F7-4668-BE54-9A1E7A4F7556}") = "Common", "Common\Common.csproj", "{641EDF59-1FE2-4C0B-8209-1C00DC8BC82C}"
EndProject
Project("{9A19103F-16F7-4668-BE54-9A1E7A4F7556}") = "Model", "Model\Model.csproj", "{4097CBD0-7207-41D5-B6DB-EAD4C9CF9E17}"
EndProject
Project("{FAE04EC0-301F-11D3-BF4B-00C04F79EFBC}") = "Test", "Test\Test.csproj", "{66B628C9-ED5C-423D-BF83-93360EAF60B9}"
EndProject
Project("{FAE04EC0-301F-11D3-BF4B-00C04F79EFBC}") = "Core3Study.GRpc", "Core3Study.GRpc\Core3Study.GRpc.csproj", "{22A5DB41-C94C-470E-BD5D-EB629A317063}"
EndProject
Project("{FAE04EC0-301F-11D3-BF4B-00C04F79EFBC}") = "Core3Study.GRpc.WinFormClient", "Core3Study.GRpc.WinFormClient\Core3Study.GRpc.WinFormClient.csproj", "{3874FB93-47BD-4B3E-92FC-0D8944C7F4B9}"
EndProject
Global
	GlobalSection(SolutionConfigurationPlatforms) = preSolution
		Debug|Any CPU = Debug|Any CPU
		Release|Any CPU = Release|Any CPU
	EndGlobalSection
	GlobalSection(ProjectConfigurationPlatforms) = postSolution
		{F10ABB8E-5A1A-44B6-8BF3-C9619BA95C03}.Debug|Any CPU.ActiveCfg = Debug|Any CPU
		{F10ABB8E-5A1A-44B6-8BF3-C9619BA95C03}.Debug|Any CPU.Build.0 = Debug|Any CPU
		{F10ABB8E-5A1A-44B6-8BF3-C9619BA95C03}.Release|Any CPU.ActiveCfg = Release|Any CPU
		{F10ABB8E-5A1A-44B6-8BF3-C9619BA95C03}.Release|Any CPU.Build.0 = Release|Any CPU
		{641EDF59-1FE2-4C0B-8209-1C00DC8BC82C}.Debug|Any CPU.ActiveCfg = Debug|Any CPU
		{641EDF59-1FE2-4C0B-8209-1C00DC8BC82C}.Debug|Any CPU.Build.0 = Debug|Any CPU
		{641EDF59-1FE2-4C0B-8209-1C00DC8BC82C}.Release|Any CPU.ActiveCfg = Release|Any CPU
		{641EDF59-1FE2-4C0B-8209-1C00DC8BC82C}.Release|Any CPU.Build.0 = Release|Any CPU
		{4097CBD0-7207-41D5-B6DB-EAD4C9CF9E17}.Debug|Any CPU.ActiveCfg = Debug|Any CPU
		{4097CBD0-7207-41D5-B6DB-EAD4C9CF9E17}.Debug|Any CPU.Build.0 = Debug|Any CPU
		{4097CBD0-7207-41D5-B6DB-EAD4C9CF9E17}.Release|Any CPU.ActiveCfg = Release|Any CPU
		{4097CBD0-7207-41D5-B6DB-EAD4C9CF9E17}.Release|Any CPU.Build.0 = Release|Any CPU
		{66B628C9-ED5C-423D-BF83-93360EAF60B9}.Debug|Any CPU.ActiveCfg = Debug|Any CPU
		{66B628C9-ED5C-423D-BF83-93360EAF60B9}.Debug|Any CPU.Build.0 = Debug|Any CPU
		{66B628C9-ED5C-423D-BF83-93360EAF60B9}.Release|Any CPU.ActiveCfg = Release|Any CPU
		{66B628C9-ED5C-423D-BF83-93360EAF60B9}.Release|Any CPU.Build.0 = Release|Any CPU
		{22A5DB41-C94C-470E-BD5D-EB629A317063}.Debug|Any CPU.ActiveCfg = Debug|Any CPU
		{22A5DB41-C94C-470E-BD5D-EB629A317063}.Debug|Any CPU.Build.0 = Debug|Any CPU
		{22A5DB41-C94C-470E-BD5D-EB629A317063}.Release|Any CPU.ActiveCfg = Release|Any CPU
		{22A5DB41-C94C-470E-BD5D-EB629A317063}.Release|Any CPU.Build.0 = Release|Any CPU
		{3874FB93-47BD-4B3E-92FC-0D8944C7F4B9}.Debug|Any CPU.ActiveCfg = Debug|Any CPU
		{3874FB93-47BD-4B3E-92FC-0D8944C7F4B9}.Debug|Any CPU.Build.0 = Debug|Any CPU
		{3874FB93-47BD-4B3E-92FC-0D8944C7F4B9}.Release|Any CPU.ActiveCfg = Release|Any CPU
		{3874FB93-47BD-4B3E-92FC-0D8944C7F4B9}.Release|Any CPU.Build.0 = Release|Any CPU
	EndGlobalSection
	GlobalSection(SolutionProperties) = preSolution
		HideSolutionNode = FALSE
	EndGlobalSection
	GlobalSection(ExtensibilityGlobals) = postSolution
		SolutionGuid = {4264216F-C88A-4DB3-B9A5-813BE94EDAB3}
	EndGlobalSection
EndGlobal
